// !$*UTF8*$!
{
	archiveVersion = 1;
	classes = {
	};
	objectVersion = 50;
	objects = {

/* Begin PBXBuildFile section */
		04644C30255AACC7005B7F3E /* CryptoApp.swift in Sources */ = {isa = PBXBuildFile; fileRef = 04644C2F255AACC7005B7F3E /* CryptoApp.swift */; };
		04644C32255AACC7005B7F3E /* ContentView.swift in Sources */ = {isa = PBXBuildFile; fileRef = 04644C31255AACC7005B7F3E /* ContentView.swift */; };
		04644C34255AACCC005B7F3E /* Assets.xcassets in Resources */ = {isa = PBXBuildFile; fileRef = 04644C33255AACCC005B7F3E /* Assets.xcassets */; };
		04644C37255AACCC005B7F3E /* Preview Assets.xcassets in Resources */ = {isa = PBXBuildFile; fileRef = 04644C36255AACCC005B7F3E /* Preview Assets.xcassets */; };
		04644C42255AACCC005B7F3E /* CryptoTests.swift in Sources */ = {isa = PBXBuildFile; fileRef = 04644C41255AACCC005B7F3E /* CryptoTests.swift */; };
		04644C4D255AACCC005B7F3E /* CryptoUITests.swift in Sources */ = {isa = PBXBuildFile; fileRef = 04644C4C255AACCC005B7F3E /* CryptoUITests.swift */; };
		04D76F9A2567FACC00667920 /* BadgeSymbol.swift in Sources */ = {isa = PBXBuildFile; fileRef = 04D76F992567FACC00667920 /* BadgeSymbol.swift */; };
		04D76FA22567FB9200667920 /* ColorConstants.swift in Sources */ = {isa = PBXBuildFile; fileRef = 04D76FA12567FB9200667920 /* ColorConstants.swift */; };
		04D76FAA256804CC00667920 /* LineChart.swift in Sources */ = {isa = PBXBuildFile; fileRef = 04D76FA9256804CC00667920 /* LineChart.swift */; };
		04D76FAF2568095E00667920 /* LineChartController.swift in Sources */ = {isa = PBXBuildFile; fileRef = 04D76FAE2568095E00667920 /* LineChartController.swift */; };
		04D76FBA2568180A00667920 /* GraphCoinView.swift in Sources */ = {isa = PBXBuildFile; fileRef = 04D76FB92568180A00667920 /* GraphCoinView.swift */; };
		04D76FBF256840B900667920 /* LoginView.swift in Sources */ = {isa = PBXBuildFile; fileRef = 04D76FBE256840B900667920 /* LoginView.swift */; };
		04D76FC82568523E00667920 /* HttpAuth.swift in Sources */ = {isa = PBXBuildFile; fileRef = 04D76FC72568523E00667920 /* HttpAuth.swift */; };
		04D76FD0256853D800667920 /* Cons.swift in Sources */ = {isa = PBXBuildFile; fileRef = 04D76FCF256853D800667920 /* Cons.swift */; };
/* End PBXBuildFile section */

/* Begin PBXContainerItemProxy section */
		04644C3E255AACCC005B7F3E /* PBXContainerItemProxy */ = {
			isa = PBXContainerItemProxy;
			containerPortal = 04644C24255AACC7005B7F3E /* Project object */;
			proxyType = 1;
			remoteGlobalIDString = 04644C2B255AACC7005B7F3E;
			remoteInfo = Crypto;
		};
		04644C49255AACCC005B7F3E /* PBXContainerItemProxy */ = {
			isa = PBXContainerItemProxy;
			containerPortal = 04644C24255AACC7005B7F3E /* Project object */;
			proxyType = 1;
			remoteGlobalIDString = 04644C2B255AACC7005B7F3E;
			remoteInfo = Crypto;
		};
/* End PBXContainerItemProxy section */

/* Begin PBXFileReference section */
		04644C2C255AACC7005B7F3E /* Crypto.app */ = {isa = PBXFileReference; explicitFileType = wrapper.application; includeInIndex = 0; path = Crypto.app; sourceTree = BUILT_PRODUCTS_DIR; };
		04644C2F255AACC7005B7F3E /* CryptoApp.swift */ = {isa = PBXFileReference; lastKnownFileType = sourcecode.swift; path = CryptoApp.swift; sourceTree = "<group>"; };
		04644C31255AACC7005B7F3E /* ContentView.swift */ = {isa = PBXFileReference; lastKnownFileType = sourcecode.swift; path = ContentView.swift; sourceTree = "<group>"; };
		04644C33255AACCC005B7F3E /* Assets.xcassets */ = {isa = PBXFileReference; lastKnownFileType = folder.assetcatalog; path = Assets.xcassets; sourceTree = "<group>"; };
		04644C36255AACCC005B7F3E /* Preview Assets.xcassets */ = {isa = PBXFileReference; lastKnownFileType = folder.assetcatalog; path = "Preview Assets.xcassets"; sourceTree = "<group>"; };
		04644C38255AACCC005B7F3E /* Info.plist */ = {isa = PBXFileReference; lastKnownFileType = text.plist.xml; path = Info.plist; sourceTree = "<group>"; };
		04644C3D255AACCC005B7F3E /* CryptoTests.xctest */ = {isa = PBXFileReference; explicitFileType = wrapper.cfbundle; includeInIndex = 0; path = CryptoTests.xctest; sourceTree = BUILT_PRODUCTS_DIR; };
		04644C41255AACCC005B7F3E /* CryptoTests.swift */ = {isa = PBXFileReference; lastKnownFileType = sourcecode.swift; path = CryptoTests.swift; sourceTree = "<group>"; };
		04644C43255AACCC005B7F3E /* Info.plist */ = {isa = PBXFileReference; lastKnownFileType = text.plist.xml; path = Info.plist; sourceTree = "<group>"; };
		04644C48255AACCC005B7F3E /* CryptoUITests.xctest */ = {isa = PBXFileReference; explicitFileType = wrapper.cfbundle; includeInIndex = 0; path = CryptoUITests.xctest; sourceTree = BUILT_PRODUCTS_DIR; };
		04644C4C255AACCC005B7F3E /* CryptoUITests.swift */ = {isa = PBXFileReference; lastKnownFileType = sourcecode.swift; path = CryptoUITests.swift; sourceTree = "<group>"; };
		04644C4E255AACCC005B7F3E /* Info.plist */ = {isa = PBXFileReference; lastKnownFileType = text.plist.xml; path = Info.plist; sourceTree = "<group>"; };
		04D76F992567FACC00667920 /* BadgeSymbol.swift */ = {isa = PBXFileReference; lastKnownFileType = sourcecode.swift; path = BadgeSymbol.swift; sourceTree = "<group>"; };
		04D76FA12567FB9200667920 /* ColorConstants.swift */ = {isa = PBXFileReference; lastKnownFileType = sourcecode.swift; path = ColorConstants.swift; sourceTree = "<group>"; };
		04D76FA9256804CC00667920 /* LineChart.swift */ = {isa = PBXFileReference; lastKnownFileType = sourcecode.swift; path = LineChart.swift; sourceTree = "<group>"; };
		04D76FAE2568095E00667920 /* LineChartController.swift */ = {isa = PBXFileReference; lastKnownFileType = sourcecode.swift; path = LineChartController.swift; sourceTree = "<group>"; };
		04D76FB92568180A00667920 /* GraphCoinView.swift */ = {isa = PBXFileReference; lastKnownFileType = sourcecode.swift; path = GraphCoinView.swift; sourceTree = "<group>"; };
		04D76FBE256840B900667920 /* LoginView.swift */ = {isa = PBXFileReference; lastKnownFileType = sourcecode.swift; path = LoginView.swift; sourceTree = "<group>"; };
		04D76FC72568523E00667920 /* HttpAuth.swift */ = {isa = PBXFileReference; lastKnownFileType = sourcecode.swift; path = HttpAuth.swift; sourceTree = "<group>"; };
		04D76FCF256853D800667920 /* Cons.swift */ = {isa = PBXFileReference; lastKnownFileType = sourcecode.swift; path = Cons.swift; sourceTree = "<group>"; };
/* End PBXFileReference section */

/* Begin PBXFrameworksBuildPhase section */
		04644C29255AACC7005B7F3E /* Frameworks */ = {
			isa = PBXFrameworksBuildPhase;
			buildActionMask = 2147483647;
			files = (
			);
			runOnlyForDeploymentPostprocessing = 0;
		};
		04644C3A255AACCC005B7F3E /* Frameworks */ = {
			isa = PBXFrameworksBuildPhase;
			buildActionMask = 2147483647;
			files = (
			);
			runOnlyForDeploymentPostprocessing = 0;
		};
		04644C45255AACCC005B7F3E /* Frameworks */ = {
			isa = PBXFrameworksBuildPhase;
			buildActionMask = 2147483647;
			files = (
			);
			runOnlyForDeploymentPostprocessing = 0;
		};
/* End PBXFrameworksBuildPhase section */

/* Begin PBXGroup section */
		04644C23255AACC7005B7F3E = {
			isa = PBXGroup;
			children = (
				04644C2E255AACC7005B7F3E /* Crypto */,
				04644C40255AACCC005B7F3E /* CryptoTests */,
				04644C4B255AACCC005B7F3E /* CryptoUITests */,
				04644C2D255AACC7005B7F3E /* Products */,
			);
			sourceTree = "<group>";
		};
		04644C2D255AACC7005B7F3E /* Products */ = {
			isa = PBXGroup;
			children = (
				04644C2C255AACC7005B7F3E /* Crypto.app */,
				04644C3D255AACCC005B7F3E /* CryptoTests.xctest */,
				04644C48255AACCC005B7F3E /* CryptoUITests.xctest */,
			);
			name = Products;
			sourceTree = "<group>";
		};
		04644C2E255AACC7005B7F3E /* Crypto */ = {
			isa = PBXGroup;
			children = (
				04D76FC6256851D800667920 /* Network */,
				04D76F932567E00A00667920 /* App */,
				04D76F982567FA8700667920 /* Utils */,
				04D76F942567E03F00667920 /* Views */,
			);
			path = Crypto;
			sourceTree = "<group>";
		};
		04644C35255AACCC005B7F3E /* Preview Content */ = {
			isa = PBXGroup;
			children = (
				04644C36255AACCC005B7F3E /* Preview Assets.xcassets */,
			);
			path = "Preview Content";
			sourceTree = "<group>";
		};
		04644C40255AACCC005B7F3E /* CryptoTests */ = {
			isa = PBXGroup;
			children = (
				04644C41255AACCC005B7F3E /* CryptoTests.swift */,
				04644C43255AACCC005B7F3E /* Info.plist */,
			);
			path = CryptoTests;
			sourceTree = "<group>";
		};
		04644C4B255AACCC005B7F3E /* CryptoUITests */ = {
			isa = PBXGroup;
			children = (
				04644C4C255AACCC005B7F3E /* CryptoUITests.swift */,
				04644C4E255AACCC005B7F3E /* Info.plist */,
			);
			path = CryptoUITests;
			sourceTree = "<group>";
		};
		04D76F932567E00A00667920 /* App */ = {
			isa = PBXGroup;
			children = (
				04644C35255AACCC005B7F3E /* Preview Content */,
				04644C2F255AACC7005B7F3E /* CryptoApp.swift */,
				04644C38255AACCC005B7F3E /* Info.plist */,
				04644C33255AACCC005B7F3E /* Assets.xcassets */,
			);
			name = App;
			sourceTree = "<group>";
		};
		04D76F942567E03F00667920 /* Views */ = {
			isa = PBXGroup;
			children = (
				04644C31255AACC7005B7F3E /* ContentView.swift */,
				04D76FB92568180A00667920 /* GraphCoinView.swift */,
				04D76FBE256840B900667920 /* LoginView.swift */,
			);
			name = Views;
			sourceTree = "<group>";
		};
		04D76F982567FA8700667920 /* Utils */ = {
			isa = PBXGroup;
			children = (
				04D76F992567FACC00667920 /* BadgeSymbol.swift */,
				04D76FA12567FB9200667920 /* ColorConstants.swift */,
				04D76FA9256804CC00667920 /* LineChart.swift */,
				04D76FAE2568095E00667920 /* LineChartController.swift */,
				04D76FCF256853D800667920 /* Cons.swift */,
			);
			path = Utils;
			sourceTree = "<group>";
		};
		04D76FC6256851D800667920 /* Network */ = {
			isa = PBXGroup;
			children = (
				04D76FC72568523E00667920 /* HttpAuth.swift */,
			);
			path = Network;
			sourceTree = "<group>";
		};
/* End PBXGroup section */

/* Begin PBXNativeTarget section */
		04644C2B255AACC7005B7F3E /* Crypto */ = {
			isa = PBXNativeTarget;
			buildConfigurationList = 04644C51255AACCC005B7F3E /* Build configuration list for PBXNativeTarget "Crypto" */;
			buildPhases = (
				04644C28255AACC7005B7F3E /* Sources */,
				04644C29255AACC7005B7F3E /* Frameworks */,
				04644C2A255AACC7005B7F3E /* Resources */,
			);
			buildRules = (
			);
			dependencies = (
			);
			name = Crypto;
			productName = Crypto;
			productReference = 04644C2C255AACC7005B7F3E /* Crypto.app */;
			productType = "com.apple.product-type.application";
		};
		04644C3C255AACCC005B7F3E /* CryptoTests */ = {
			isa = PBXNativeTarget;
			buildConfigurationList = 04644C54255AACCC005B7F3E /* Build configuration list for PBXNativeTarget "CryptoTests" */;
			buildPhases = (
				04644C39255AACCC005B7F3E /* Sources */,
				04644C3A255AACCC005B7F3E /* Frameworks */,
				04644C3B255AACCC005B7F3E /* Resources */,
			);
			buildRules = (
			);
			dependencies = (
				04644C3F255AACCC005B7F3E /* PBXTargetDependency */,
			);
			name = CryptoTests;
			productName = CryptoTests;
			productReference = 04644C3D255AACCC005B7F3E /* CryptoTests.xctest */;
			productType = "com.apple.product-type.bundle.unit-test";
		};
		04644C47255AACCC005B7F3E /* CryptoUITests */ = {
			isa = PBXNativeTarget;
			buildConfigurationList = 04644C57255AACCC005B7F3E /* Build configuration list for PBXNativeTarget "CryptoUITests" */;
			buildPhases = (
				04644C44255AACCC005B7F3E /* Sources */,
				04644C45255AACCC005B7F3E /* Frameworks */,
				04644C46255AACCC005B7F3E /* Resources */,
			);
			buildRules = (
			);
			dependencies = (
				04644C4A255AACCC005B7F3E /* PBXTargetDependency */,
			);
			name = CryptoUITests;
			productName = CryptoUITests;
			productReference = 04644C48255AACCC005B7F3E /* CryptoUITests.xctest */;
			productType = "com.apple.product-type.bundle.ui-testing";
		};
/* End PBXNativeTarget section */

/* Begin PBXProject section */
		04644C24255AACC7005B7F3E /* Project object */ = {
			isa = PBXProject;
			attributes = {
				LastSwiftUpdateCheck = 1200;
				LastUpgradeCheck = 1200;
				TargetAttributes = {
					04644C2B255AACC7005B7F3E = {
						CreatedOnToolsVersion = 12.0.1;
					};
					04644C3C255AACCC005B7F3E = {
						CreatedOnToolsVersion = 12.0.1;
						TestTargetID = 04644C2B255AACC7005B7F3E;
					};
					04644C47255AACCC005B7F3E = {
						CreatedOnToolsVersion = 12.0.1;
						TestTargetID = 04644C2B255AACC7005B7F3E;
					};
				};
			};
			buildConfigurationList = 04644C27255AACC7005B7F3E /* Build configuration list for PBXProject "Crypto" */;
			compatibilityVersion = "Xcode 9.3";
			developmentRegion = en;
			hasScannedForEncodings = 0;
			knownRegions = (
				en,
				Base,
			);
			mainGroup = 04644C23255AACC7005B7F3E;
			productRefGroup = 04644C2D255AACC7005B7F3E /* Products */;
			projectDirPath = "";
			projectRoot = "";
			targets = (
				04644C2B255AACC7005B7F3E /* Crypto */,
				04644C3C255AACCC005B7F3E /* CryptoTests */,
				04644C47255AACCC005B7F3E /* CryptoUITests */,
			);
		};
/* End PBXProject section */

/* Begin PBXResourcesBuildPhase section */
		04644C2A255AACC7005B7F3E /* Resources */ = {
			isa = PBXResourcesBuildPhase;
			buildActionMask = 2147483647;
			files = (
				04644C37255AACCC005B7F3E /* Preview Assets.xcassets in Resources */,
				04644C34255AACCC005B7F3E /* Assets.xcassets in Resources */,
			);
			runOnlyForDeploymentPostprocessing = 0;
		};
		04644C3B255AACCC005B7F3E /* Resources */ = {
			isa = PBXResourcesBuildPhase;
			buildActionMask = 2147483647;
			files = (
			);
			runOnlyForDeploymentPostprocessing = 0;
		};
		04644C46255AACCC005B7F3E /* Resources */ = {
			isa = PBXResourcesBuildPhase;
			buildActionMask = 2147483647;
			files = (
			);
			runOnlyForDeploymentPostprocessing = 0;
		};
/* End PBXResourcesBuildPhase section */

/* Begin PBXSourcesBuildPhase section */
		04644C28255AACC7005B7F3E /* Sources */ = {
			isa = PBXSourcesBuildPhase;
			buildActionMask = 2147483647;
			files = (
				04644C32255AACC7005B7F3E /* ContentView.swift in Sources */,
				04D76FC82568523E00667920 /* HttpAuth.swift in Sources */,
				04644C30255AACC7005B7F3E /* CryptoApp.swift in Sources */,
				04D76FAF2568095E00667920 /* LineChartController.swift in Sources */,
				04D76F9A2567FACC00667920 /* BadgeSymbol.swift in Sources */,
				04D76FBA2568180A00667920 /* GraphCoinView.swift in Sources */,
				04D76FA22567FB9200667920 /* ColorConstants.swift in Sources */,
				04D76FBF256840B900667920 /* LoginView.swift in Sources */,
				04D76FD0256853D800667920 /* Cons.swift in Sources */,
				04D76FAA256804CC00667920 /* LineChart.swift in Sources */,
			);
			runOnlyForDeploymentPostprocessing = 0;
		};
		04644C39255AACCC005B7F3E /* Sources */ = {
			isa = PBXSourcesBuildPhase;
			buildActionMask = 2147483647;
			files = (
				04644C42255AACCC005B7F3E /* CryptoTests.swift in Sources */,
			);
			runOnlyForDeploymentPostprocessing = 0;
		};
		04644C44255AACCC005B7F3E /* Sources */ = {
			isa = PBXSourcesBuildPhase;
			buildActionMask = 2147483647;
			files = (
				04644C4D255AACCC005B7F3E /* CryptoUITests.swift in Sources */,
			);
			runOnlyForDeploymentPostprocessing = 0;
		};
/* End PBXSourcesBuildPhase section */

/* Begin PBXTargetDependency section */
		04644C3F255AACCC005B7F3E /* PBXTargetDependency */ = {
			isa = PBXTargetDependency;
			target = 04644C2B255AACC7005B7F3E /* Crypto */;
			targetProxy = 04644C3E255AACCC005B7F3E /* PBXContainerItemProxy */;
		};
		04644C4A255AACCC005B7F3E /* PBXTargetDependency */ = {
			isa = PBXTargetDependency;
			target = 04644C2B255AACC7005B7F3E /* Crypto */;
			targetProxy = 04644C49255AACCC005B7F3E /* PBXContainerItemProxy */;
		};
/* End PBXTargetDependency section */

/* Begin XCBuildConfiguration section */
		04644C4F255AACCC005B7F3E /* Debug */ = {
			isa = XCBuildConfiguration;
			buildSettings = {
				ALWAYS_SEARCH_USER_PATHS = NO;
				CLANG_ANALYZER_NONNULL = YES;
				CLANG_ANALYZER_NUMBER_OBJECT_CONVERSION = YES_AGGRESSIVE;
				CLANG_CXX_LANGUAGE_STANDARD = "gnu++14";
				CLANG_CXX_LIBRARY = "libc++";
				CLANG_ENABLE_MODULES = YES;
				CLANG_ENABLE_OBJC_ARC = YES;
				CLANG_ENABLE_OBJC_WEAK = YES;
				CLANG_WARN_BLOCK_CAPTURE_AUTORELEASING = YES;
				CLANG_WARN_BOOL_CONVERSION = YES;
				CLANG_WARN_COMMA = YES;
				CLANG_WARN_CONSTANT_CONVERSION = YES;
				CLANG_WARN_DEPRECATED_OBJC_IMPLEMENTATIONS = YES;
				CLANG_WARN_DIRECT_OBJC_ISA_USAGE = YES_ERROR;
				CLANG_WARN_DOCUMENTATION_COMMENTS = YES;
				CLANG_WARN_EMPTY_BODY = YES;
				CLANG_WARN_ENUM_CONVERSION = YES;
				CLANG_WARN_INFINITE_RECURSION = YES;
				CLANG_WARN_INT_CONVERSION = YES;
				CLANG_WARN_NON_LITERAL_NULL_CONVERSION = YES;
				CLANG_WARN_OBJC_IMPLICIT_RETAIN_SELF = YES;
				CLANG_WARN_OBJC_LITERAL_CONVERSION = YES;
				CLANG_WARN_OBJC_ROOT_CLASS = YES_ERROR;
				CLANG_WARN_QUOTED_INCLUDE_IN_FRAMEWORK_HEADER = YES;
				CLANG_WARN_RANGE_LOOP_ANALYSIS = YES;
				CLANG_WARN_STRICT_PROTOTYPES = YES;
				CLANG_WARN_SUSPICIOUS_MOVE = YES;
				CLANG_WARN_UNGUARDED_AVAILABILITY = YES_AGGRESSIVE;
				CLANG_WARN_UNREACHABLE_CODE = YES;
				CLANG_WARN__DUPLICATE_METHOD_MATCH = YES;
				COPY_PHASE_STRIP = NO;
				DEBUG_INFORMATION_FORMAT = dwarf;
				ENABLE_STRICT_OBJC_MSGSEND = YES;
				ENABLE_TESTABILITY = YES;
				GCC_C_LANGUAGE_STANDARD = gnu11;
				GCC_DYNAMIC_NO_PIC = NO;
				GCC_NO_COMMON_BLOCKS = YES;
				GCC_OPTIMIZATION_LEVEL = 0;
				GCC_PREPROCESSOR_DEFINITIONS = (
					"DEBUG=1",
					"$(inherited)",
				);
				GCC_WARN_64_TO_32_BIT_CONVERSION = YES;
				GCC_WARN_ABOUT_RETURN_TYPE = YES_ERROR;
				GCC_WARN_UNDECLARED_SELECTOR = YES;
				GCC_WARN_UNINITIALIZED_AUTOS = YES_AGGRESSIVE;
				GCC_WARN_UNUSED_FUNCTION = YES;
				GCC_WARN_UNUSED_VARIABLE = YES;
				IPHONEOS_DEPLOYMENT_TARGET = 14.0;
				MTL_ENABLE_DEBUG_INFO = INCLUDE_SOURCE;
				MTL_FAST_MATH = YES;
				ONLY_ACTIVE_ARCH = YES;
				SDKROOT = iphoneos;
				SWIFT_ACTIVE_COMPILATION_CONDITIONS = DEBUG;
				SWIFT_OPTIMIZATION_LEVEL = "-Onone";
			};
			name = Debug;
		};
		04644C50255AACCC005B7F3E /* Release */ = {
			isa = XCBuildConfiguration;
			buildSettings = {
				ALWAYS_SEARCH_USER_PATHS = NO;
				CLANG_ANALYZER_NONNULL = YES;
				CLANG_ANALYZER_NUMBER_OBJECT_CONVERSION = YES_AGGRESSIVE;
				CLANG_CXX_LANGUAGE_STANDARD = "gnu++14";
				CLANG_CXX_LIBRARY = "libc++";
				CLANG_ENABLE_MODULES = YES;
				CLANG_ENABLE_OBJC_ARC = YES;
				CLANG_ENABLE_OBJC_WEAK = YES;
				CLANG_WARN_BLOCK_CAPTURE_AUTORELEASING = YES;
				CLANG_WARN_BOOL_CONVERSION = YES;
				CLANG_WARN_COMMA = YES;
				CLANG_WARN_CONSTANT_CONVERSION = YES;
				CLANG_WARN_DEPRECATED_OBJC_IMPLEMENTATIONS = YES;
				CLANG_WARN_DIRECT_OBJC_ISA_USAGE = YES_ERROR;
				CLANG_WARN_DOCUMENTATION_COMMENTS = YES;
				CLANG_WARN_EMPTY_BODY = YES;
				CLANG_WARN_ENUM_CONVERSION = YES;
				CLANG_WARN_INFINITE_RECURSION = YES;
				CLANG_WARN_INT_CONVERSION = YES;
				CLANG_WARN_NON_LITERAL_NULL_CONVERSION = YES;
				CLANG_WARN_OBJC_IMPLICIT_RETAIN_SELF = YES;
				CLANG_WARN_OBJC_LITERAL_CONVERSION = YES;
				CLANG_WARN_OBJC_ROOT_CLASS = YES_ERROR;
				CLANG_WARN_QUOTED_INCLUDE_IN_FRAMEWORK_HEADER = YES;
				CLANG_WARN_RANGE_LOOP_ANALYSIS = YES;
				CLANG_WARN_STRICT_PROTOTYPES = YES;
				CLANG_WARN_SUSPICIOUS_MOVE = YES;
				CLANG_WARN_UNGUARDED_AVAILABILITY = YES_AGGRESSIVE;
				CLANG_WARN_UNREACHABLE_CODE = YES;
				CLANG_WARN__DUPLICATE_METHOD_MATCH = YES;
				COPY_PHASE_STRIP = NO;
				DEBUG_INFORMATION_FORMAT = "dwarf-with-dsym";
				ENABLE_NS_ASSERTIONS = NO;
				ENABLE_STRICT_OBJC_MSGSEND = YES;
				GCC_C_LANGUAGE_STANDARD = gnu11;
				GCC_NO_COMMON_BLOCKS = YES;
				GCC_WARN_64_TO_32_BIT_CONVERSION = YES;
				GCC_WARN_ABOUT_RETURN_TYPE = YES_ERROR;
				GCC_WARN_UNDECLARED_SELECTOR = YES;
				GCC_WARN_UNINITIALIZED_AUTOS = YES_AGGRESSIVE;
				GCC_WARN_UNUSED_FUNCTION = YES;
				GCC_WARN_UNUSED_VARIABLE = YES;
				IPHONEOS_DEPLOYMENT_TARGET = 14.0;
				MTL_ENABLE_DEBUG_INFO = NO;
				MTL_FAST_MATH = YES;
				SDKROOT = iphoneos;
				SWIFT_COMPILATION_MODE = wholemodule;
				SWIFT_OPTIMIZATION_LEVEL = "-O";
				VALIDATE_PRODUCT = YES;
			};
			name = Release;
		};
		04644C52255AACCC005B7F3E /* Debug */ = {
			isa = XCBuildConfiguration;
			buildSettings = {
				ASSETCATALOG_COMPILER_APPICON_NAME = AppIcon;
				ASSETCATALOG_COMPILER_GLOBAL_ACCENT_COLOR_NAME = AccentColor;
				CODE_SIGN_STYLE = Automatic;
				DEVELOPMENT_ASSET_PATHS = "\"Crypto/Preview Content\"";
				DEVELOPMENT_TEAM = N47RYZ5ZP5;
				ENABLE_PREVIEWS = YES;
				INFOPLIST_FILE = Crypto/Info.plist;
				IPHONEOS_DEPLOYMENT_TARGET = 14.0;
				LD_RUNPATH_SEARCH_PATHS = (
					"$(inherited)",
					"@executable_path/Frameworks",
				);
				PRODUCT_BUNDLE_IDENTIFIER = com.tanacom.Crypto;
				PRODUCT_NAME = "$(TARGET_NAME)";
				SWIFT_VERSION = 5.0;
				TARGETED_DEVICE_FAMILY = "1,2";
			};
			name = Debug;
		};
		04644C53255AACCC005B7F3E /* Release */ = {
			isa = XCBuildConfiguration;
			buildSettings = {
				ASSETCATALOG_COMPILER_APPICON_NAME = AppIcon;
				ASSETCATALOG_COMPILER_GLOBAL_ACCENT_COLOR_NAME = AccentColor;
				CODE_SIGN_STYLE = Automatic;
				DEVELOPMENT_ASSET_PATHS = "\"Crypto/Preview Content\"";
				DEVELOPMENT_TEAM = N47RYZ5ZP5;
				ENABLE_PREVIEWS = YES;
				INFOPLIST_FILE = Crypto/Info.plist;
				IPHONEOS_DEPLOYMENT_TARGET = 14.0;
				LD_RUNPATH_SEARCH_PATHS = (
					"$(inherited)",
					"@executable_path/Frameworks",
				);
				PRODUCT_BUNDLE_IDENTIFIER = com.tanacom.Crypto;
				PRODUCT_NAME = "$(TARGET_NAME)";
				SWIFT_VERSION = 5.0;
				TARGETED_DEVICE_FAMILY = "1,2";
			};
			name = Release;
		};
		04644C55255AACCC005B7F3E /* Debug */ = {
			isa = XCBuildConfiguration;
			buildSettings = {
				ALWAYS_EMBED_SWIFT_STANDARD_LIBRARIES = YES;
				BUNDLE_LOADER = "$(TEST_HOST)";
				CODE_SIGN_STYLE = Automatic;
				DEVELOPMENT_TEAM = N47RYZ5ZP5;
				INFOPLIST_FILE = CryptoTests/Info.plist;
				IPHONEOS_DEPLOYMENT_TARGET = 14.0;
				LD_RUNPATH_SEARCH_PATHS = (
					"$(inherited)",
					"@executable_path/Frameworks",
					"@loader_path/Frameworks",
				);
				PRODUCT_BUNDLE_IDENTIFIER = com.tanacom.CryptoTests;
				PRODUCT_NAME = "$(TARGET_NAME)";
				SWIFT_VERSION = 5.0;
				TARGETED_DEVICE_FAMILY = "1,2";
				TEST_HOST = "$(BUILT_PRODUCTS_DIR)/Crypto.app/Crypto";
			};
			name = Debug;
		};
		04644C56255AACCC005B7F3E /* Release */ = {
			isa = XCBuildConfiguration;
			buildSettings = {
				ALWAYS_EMBED_SWIFT_STANDARD_LIBRARIES = YES;
				BUNDLE_LOADER = "$(TEST_HOST)";
				CODE_SIGN_STYLE = Automatic;
				DEVELOPMENT_TEAM = N47RYZ5ZP5;
				INFOPLIST_FILE = CryptoTests/Info.plist;
				IPHONEOS_DEPLOYMENT_TARGET = 14.0;
				LD_RUNPATH_SEARCH_PATHS = (
					"$(inherited)",
					"@executable_path/Frameworks",
					"@loader_path/Frameworks",
				);
				PRODUCT_BUNDLE_IDENTIFIER = com.tanacom.CryptoTests;
				PRODUCT_NAME = "$(TARGET_NAME)";
				SWIFT_VERSION = 5.0;
				TARGETED_DEVICE_FAMILY = "1,2";
				TEST_HOST = "$(BUILT_PRODUCTS_DIR)/Crypto.app/Crypto";
			};
			name = Release;
		};
		04644C58255AACCC005B7F3E /* Debug */ = {
			isa = XCBuildConfiguration;
			buildSettings = {
				ALWAYS_EMBED_SWIFT_STANDARD_LIBRARIES = YES;
				CODE_SIGN_STYLE = Automatic;
				DEVELOPMENT_TEAM = N47RYZ5ZP5;
				INFOPLIST_FILE = CryptoUITests/Info.plist;
				LD_RUNPATH_SEARCH_PATHS = (
					"$(inherited)",
					"@executable_path/Frameworks",
					"@loader_path/Frameworks",
				);
				PRODUCT_BUNDLE_IDENTIFIER = com.tanacom.CryptoUITests;
				PRODUCT_NAME = "$(TARGET_NAME)";
				SWIFT_VERSION = 5.0;
				TARGETED_DEVICE_FAMILY = "1,2";
				TEST_TARGET_NAME = Crypto;
			};
			name = Debug;
		};
		04644C59255AACCC005B7F3E /* Release */ = {
			isa = XCBuildConfiguration;
			buildSettings = {
				ALWAYS_EMBED_SWIFT_STANDARD_LIBRARIES = YES;
				CODE_SIGN_STYLE = Automatic;
				DEVELOPMENT_TEAM = N47RYZ5ZP5;
				INFOPLIST_FILE = CryptoUITests/Info.plist;
				LD_RUNPATH_SEARCH_PATHS = (
					"$(inherited)",
					"@executable_path/Frameworks",
					"@loader_path/Frameworks",
				);
				PRODUCT_BUNDLE_IDENTIFIER = com.tanacom.CryptoUITests;
				PRODUCT_NAME = "$(TARGET_NAME)";
				SWIFT_VERSION = 5.0;
				TARGETED_DEVICE_FAMILY = "1,2";
				TEST_TARGET_NAME = Crypto;
			};
			name = Release;
		};
/* End XCBuildConfiguration section */

/* Begin XCConfigurationList section */
		04644C27255AACC7005B7F3E /* Build configuration list for PBXProject "Crypto" */ = {
			isa = XCConfigurationList;
			buildConfigurations = (
				04644C4F255AACCC005B7F3E /* Debug */,
				04644C50255AACCC005B7F3E /* Release */,
			);
			defaultConfigurationIsVisible = 0;
			defaultConfigurationName = Release;
		};
		04644C51255AACCC005B7F3E /* Build configuration list for PBXNativeTarget "Crypto" */ = {
			isa = XCConfigurationList;
			buildConfigurations = (
				04644C52255AACCC005B7F3E /* Debug */,
				04644C53255AACCC005B7F3E /* Release */,
			);
			defaultConfigurationIsVisible = 0;
			defaultConfigurationName = Release;
		};
		04644C54255AACCC005B7F3E /* Build configuration list for PBXNativeTarget "CryptoTests" */ = {
			isa = XCConfigurationList;
			buildConfigurations = (
				04644C55255AACCC005B7F3E /* Debug */,
				04644C56255AACCC005B7F3E /* Release */,
			);
			defaultConfigurationIsVisible = 0;
			defaultConfigurationName = Release;
		};
		04644C57255AACCC005B7F3E /* Build configuration list for PBXNativeTarget "CryptoUITests" */ = {
			isa = XCConfigurationList;
			buildConfigurations = (
				04644C58255AACCC005B7F3E /* Debug */,
				04644C59255AACCC005B7F3E /* Release */,
			);
			defaultConfigurationIsVisible = 0;
			defaultConfigurationName = Release;
		};
/* End XCConfigurationList section */
	};
	rootObject = 04644C24255AACC7005B7F3E /* Project object */;
}
